// !$*UTF8*$!
{
	archiveVersion = 1;
	classes = {
	};
	objectVersion = 46;
	objects = {

/* Begin PBXBuildFile section */
		5F1EECB61E1FE10E001E1F5B /* CalculatorBrain.swift in Sources */ = {isa = PBXBuildFile; fileRef = 5F1EECB51E1FE10E001E1F5B /* CalculatorBrain.swift */; };
		5FE6AA951E1E37650055F29E /* AppDelegate.swift in Sources */ = {isa = PBXBuildFile; fileRef = 5FE6AA941E1E37650055F29E /* AppDelegate.swift */; };
		5FE6AA971E1E37650055F29E /* ViewController.swift in Sources */ = {isa = PBXBuildFile; fileRef = 5FE6AA961E1E37650055F29E /* ViewController.swift */; };
		5FE6AA9A1E1E37650055F29E /* Main.storyboard in Resources */ = {isa = PBXBuildFile; fileRef = 5FE6AA981E1E37650055F29E /* Main.storyboard */; };
		5FE6AA9C1E1E37650055F29E /* Assets.xcassets in Resources */ = {isa = PBXBuildFile; fileRef = 5FE6AA9B1E1E37650055F29E /* Assets.xcassets */; };
		5FE6AA9F1E1E37650055F29E /* LaunchScreen.storyboard in Resources */ = {isa = PBXBuildFile; fileRef = 5FE6AA9D1E1E37650055F29E /* LaunchScreen.storyboard */; };
/* End PBXBuildFile section */

/* Begin PBXFileReference section */
		5F1EECB51E1FE10E001E1F5B /* CalculatorBrain.swift */ = {isa = PBXFileReference; fileEncoding = 4; lastKnownFileType = sourcecode.swift; path = CalculatorBrain.swift; sourceTree = "<group>"; };
		5FE6AA911E1E37650055F29E /* mycalculator.app */ = {isa = PBXFileReference; explicitFileType = wrapper.application; includeInIndex = 0; path = mycalculator.app; sourceTree = BUILT_PRODUCTS_DIR; };
		5FE6AA941E1E37650055F29E /* AppDelegate.swift */ = {isa = PBXFileReference; lastKnownFileType = sourcecode.swift; path = AppDelegate.swift; sourceTree = "<group>"; };
		5FE6AA961E1E37650055F29E /* ViewController.swift */ = {isa = PBXFileReference; lastKnownFileType = sourcecode.swift; path = ViewController.swift; sourceTree = "<group>"; };
		5FE6AA991E1E37650055F29E /* Base */ = {isa = PBXFileReference; lastKnownFileType = file.storyboard; name = Base; path = Base.lproj/Main.storyboard; sourceTree = "<group>"; };
		5FE6AA9B1E1E37650055F29E /* Assets.xcassets */ = {isa = PBXFileReference; lastKnownFileType = folder.assetcatalog; path = Assets.xcassets; sourceTree = "<group>"; };
		5FE6AA9E1E1E37650055F29E /* Base */ = {isa = PBXFileReference; lastKnownFileType = file.storyboard; name = Base; path = Base.lproj/LaunchScreen.storyboard; sourceTree = "<group>"; };
		5FE6AAA01E1E37650055F29E /* Info.plist */ = {isa = PBXFileReference; lastKnownFileType = text.plist.xml; path = Info.plist; sourceTree = "<group>"; };
/* End PBXFileReference section */

/* Begin PBXFrameworksBuildPhase section */
		5FE6AA8E1E1E37650055F29E /* Frameworks */ = {
			isa = PBXFrameworksBuildPhase;
			buildActionMask = 2147483647;
			files = (
			);
			runOnlyForDeploymentPostprocessing = 0;
		};
/* End PBXFrameworksBuildPhase section */

/* Begin PBXGroup section */
		5FE6AA881E1E37650055F29E = {
			isa = PBXGroup;
			children = (
				5FE6AA931E1E37650055F29E /* mycalculator */,
				5FE6AA921E1E37650055F29E /* Products */,
			);
			sourceTree = "<group>";
		};
		5FE6AA921E1E37650055F29E /* Products */ = {
			isa = PBXGroup;
			children = (
				5FE6AA911E1E37650055F29E /* mycalculator.app */,
			);
			name = Products;
			sourceTree = "<group>";
		};
		5FE6AA931E1E37650055F29E /* mycalculator */ = {
			isa = PBXGroup;
			children = (
				5FE6AAA61E1E3A730055F29E /* Supporting files */,
				5FE6AA961E1E37650055F29E /* ViewController.swift */,
				5FE6AA981E1E37650055F29E /* Main.storyboard */,
				5F1EECB51E1FE10E001E1F5B /* CalculatorBrain.swift */,
			);
			path = mycalculator;
			sourceTree = "<group>";
		};
		5FE6AAA61E1E3A730055F29E /* Supporting files */ = {
			isa = PBXGroup;
			children = (
				5FE6AA941E1E37650055F29E /* AppDelegate.swift */,
				5FE6AA9B1E1E37650055F29E /* Assets.xcassets */,
				5FE6AA9D1E1E37650055F29E /* LaunchScreen.storyboard */,
				5FE6AAA01E1E37650055F29E /* Info.plist */,
			);
			name = "Supporting files";
			sourceTree = "<group>";
		};
/* End PBXGroup section */

/* Begin PBXNativeTarget section */
		5FE6AA901E1E37650055F29E /* mycalculator */ = {
			isa = PBXNativeTarget;
			buildConfigurationList = 5FE6AAA31E1E37650055F29E /* Build configuration list for PBXNativeTarget "mycalculator" */;
			buildPhases = (
				5FE6AA8D1E1E37650055F29E /* Sources */,
				5FE6AA8E1E1E37650055F29E /* Frameworks */,
				5FE6AA8F1E1E37650055F29E /* Resources */,
			);
			buildRules = (
			);
			dependencies = (
			);
			name = mycalculator;
			productName = mycalculator;
			productReference = 5FE6AA911E1E37650055F29E /* mycalculator.app */;
			productType = "com.apple.product-type.application";
		};
/* End PBXNativeTarget section */

/* Begin PBXProject section */
		5FE6AA891E1E37650055F29E /* Project object */ = {
			isa = PBXProject;
			attributes = {
				LastSwiftUpdateCheck = 0720;
				LastUpgradeCheck = 0720;
				ORGANIZATIONNAME = "michael's";
				TargetAttributes = {
					5FE6AA901E1E37650055F29E = {
						CreatedOnToolsVersion = 7.2.1;
						DevelopmentTeam = 4AJSR9ER3N;
					};
				};
			};
			buildConfigurationList = 5FE6AA8C1E1E37650055F29E /* Build configuration list for PBXProject "mycalculator" */;
			compatibilityVersion = "Xcode 3.2";
			developmentRegion = English;
			hasScannedForEncodings = 0;
			knownRegions = (
				en,
				Base,
			);
			mainGroup = 5FE6AA881E1E37650055F29E;
			productRefGroup = 5FE6AA921E1E37650055F29E /* Products */;
			projectDirPath = "";
			projectRoot = "";
			targets = (
				5FE6AA901E1E37650055F29E /* mycalculator */,
			);
		};
/* End PBXProject section */

/* Begin PBXResourcesBuildPhase section */
		5FE6AA8F1E1E37650055F29E /* Resources */ = {
			isa = PBXResourcesBuildPhase;
			buildActionMask = 2147483647;
			files = (
				5FE6AA9F1E1E37650055F29E /* LaunchScreen.storyboard in Resources */,
				5FE6AA9C1E1E37650055F29E /* Assets.xcassets in Resources */,
				5FE6AA9A1E1E37650055F29E /* Main.storyboard in Resources */,
			);
			runOnlyForDeploymentPostprocessing = 0;
		};
/* End PBXResourcesBuildPhase section */

/* Begin PBXSourcesBuildPhase section */
		5FE6AA8D1E1E37650055F29E /* Sources */ = {
			isa = PBXSourcesBuildPhase;
			buildActionMask = 2147483647;
			files = (
				5F1EECB61E1FE10E001E1F5B /* CalculatorBrain.swift in Sources */,
				5FE6AA971E1E37650055F29E /* ViewController.swift in Sources */,
				5FE6AA951E1E37650055F29E /* AppDelegate.swift in Sources */,
			);
			runOnlyForDeploymentPostprocessing = 0;
		};
/* End PBXSourcesBuildPhase section */

/* Begin PBXVariantGroup section */
		5FE6AA981E1E37650055F29E /* Main.storyboard */ = {
			isa = PBXVariantGroup;
			children = (
				5FE6AA991E1E37650055F29E /* Base */,
			);
			name = Main.storyboard;
			sourceTree = "<group>";
		};
		5FE6AA9D1E1E37650055F29E /* LaunchScreen.storyboard */ = {
			isa = PBXVariantGroup;
			children = (
				5FE6AA9E1E1E37650055F29E /* Base */,
			);
			name = LaunchScreen.storyboard;
			sourceTree = "<group>";
		};
/* End PBXVariantGroup section */

/* Begin XCBuildConfiguration section */
		5FE6AAA11E1E37650055F29E /* Debug */ = {
			isa = XCBuildConfiguration;
			buildSettings = {
				ALWAYS_SEARCH_USER_PATHS = NO;
				CLANG_CXX_LANGUAGE_STANDARD = "gnu++0x";
				CLANG_CXX_LIBRARY = "libc++";
				CLANG_ENABLE_MODULES = YES;
				CLANG_ENABLE_OBJC_ARC = YES;
				CLANG_WARN_BOOL_CONVERSION = YES;
				CLANG_WARN_CONSTANT_CONVERSION = YES;
				CLANG_WARN_DIRECT_OBJC_ISA_USAGE = YES_ERROR;
				CLANG_WARN_EMPTY_BODY = YES;
				CLANG_WARN_ENUM_CONVERSION = YES;
				CLANG_WARN_INT_CONVERSION = YES;
				CLANG_WARN_OBJC_ROOT_CLASS = YES_ERROR;
				CLANG_WARN_UNREACHABLE_CODE = YES;
				CLANG_WARN__DUPLICATE_METHOD_MATCH = YES;
				"CODE_SIGN_IDENTITY[sdk=iphoneos*]" = "iPhone Developer";
				COPY_PHASE_STRIP = NO;
				DEBUG_INFORMATION_FORMAT = dwarf;
				ENABLE_STRICT_OBJC_MSGSEND = YES;
				ENABLE_TESTABILITY = YES;
				GCC_C_LANGUAGE_STANDARD = gnu99;
				GCC_DYNAMIC_NO_PIC = NO;
				GCC_NO_COMMON_BLOCKS = YES;
				GCC_OPTIMIZATION_LEVEL = 0;
				GCC_PREPROCESSOR_DEFINITIONS = (
					"DEBUG=1",
					"$(inherited)",
				);
				GCC_WARN_64_TO_32_BIT_CONVERSION = YES;
				GCC_WARN_ABOUT_RETURN_TYPE = YES_ERROR;
				GCC_WARN_UNDECLARED_SELECTOR = YES;
				GCC_WARN_UNINITIALIZED_AUTOS = YES_AGGRESSIVE;
				GCC_WARN_UNUSED_FUNCTION = YES;
				GCC_WARN_UNUSED_VARIABLE = YES;
				IPHONEOS_DEPLOYMENT_TARGET = 9.2;
				MTL_ENABLE_DEBUG_INFO = YES;
				ONLY_ACTIVE_ARCH = YES;
				SDKROOT = iphoneos;
				SWIFT_OPTIMIZATION_LEVEL = "-Onone";
				TARGETED_DEVICE_FAMILY = "1,2";
			};
			name = Debug;
		};
		5FE6AAA21E1E37650055F29E /* Release */ = {
			isa = XCBuildConfiguration;
			buildSettings = {
				ALWAYS_SEARCH_USER_PATHS = NO;
				CLANG_CXX_LANGUAGE_STANDARD = "gnu++0x";
				CLANG_CXX_LIBRARY = "libc++";
				CLANG_ENABLE_MODULES = YES;
				CLANG_ENABLE_OBJC_ARC = YES;
				CLANG_WARN_BOOL_CONVERSION = YES;
				CLANG_WARN_CONSTANT_CONVERSION = YES;
				CLANG_WARN_DIRECT_OBJC_ISA_USAGE = YES_ERROR;
				CLANG_WARN_EMPTY_BODY = YES;
				CLANG_WARN_ENUM_CONVERSION = YES;
				CLANG_WARN_INT_CONVERSION = YES;
				CLANG_WARN_OBJC_ROOT_CLASS = YES_ERROR;
				CLANG_WARN_UNREACHABLE_CODE = YES;
				CLANG_WARN__DUPLICATE_METHOD_MATCH = YES;
				"CODE_SIGN_IDENTITY[sdk=iphoneos*]" = "iPhone Developer";
				COPY_PHASE_STRIP = NO;
				DEBUG_INFORMATION_FORMAT = "dwarf-with-dsym";
				ENABLE_NS_ASSERTIONS = NO;
				ENABLE_STRICT_OBJC_MSGSEND = YES;
				GCC_C_LANGUAGE_STANDARD = gnu99;
				GCC_NO_COMMON_BLOCKS = YES;
				GCC_WARN_64_TO_32_BIT_CONVERSION = YES;
				GCC_WARN_ABOUT_RETURN_TYPE = YES_ERROR;
				GCC_WARN_UNDECLARED_SELECTOR = YES;
				GCC_WARN_UNINITIALIZED_AUTOS = YES_AGGRESSIVE;
				GCC_WARN_UNUSED_FUNCTION = YES;
				GCC_WARN_UNUSED_VARIABLE = YES;
				IPHONEOS_DEPLOYMENT_TARGET = 9.2;
				MTL_ENABLE_DEBUG_INFO = NO;
				SDKROOT = iphoneos;
				TARGETED_DEVICE_FAMILY = "1,2";
				VALIDATE_PRODUCT = YES;
			};
			name = Release;
		};
		5FE6AAA41E1E37650055F29E /* Debug */ = {
			isa = XCBuildConfiguration;
			buildSettings = {
				ASSETCATALOG_COMPILER_APPICON_NAME = AppIcon;
				CODE_SIGN_IDENTITY = "iPhone Developer";
				"CODE_SIGN_IDENTITY[sdk=iphoneos*]" = "iPhone Developer";
				INFOPLIST_FILE = mycalculator/Info.plist;
				LD_RUNPATH_SEARCH_PATHS = "$(inherited) @executable_path/Frameworks";
				PRODUCT_BUNDLE_IDENTIFIER = Lazymichael.mycalculator;
				PRODUCT_NAME = "$(TARGET_NAME)";
				PROVISIONING_PROFILE = "";
			};
			name = Debug;
		};
		5FE6AAA51E1E37650055F29E /* Release */ = {
			isa = XCBuildConfiguration;
			buildSettings = {
				ASSETCATALOG_COMPILER_APPICON_NAME = AppIcon;
				CODE_SIGN_IDENTITY = "iPhone Developer";
				"CODE_SIGN_IDENTITY[sdk=iphoneos*]" = "iPhone Developer";
				INFOPLIST_FILE = mycalculator/Info.plist;
				LD_RUNPATH_SEARCH_PATHS = "$(inherited) @executable_path/Frameworks";
				PRODUCT_BUNDLE_IDENTIFIER = Lazymichael.mycalculator;
				PRODUCT_NAME = "$(TARGET_NAME)";
				PROVISIONING_PROFILE = "";
			};
			name = Release;
		};
/* End XCBuildConfiguration section */

/* Begin XCConfigurationList section */
		5FE6AA8C1E1E37650055F29E /* Build configuration list for PBXProject "mycalculator" */ = {
			isa = XCConfigurationList;
			buildConfigurations = (
				5FE6AAA11E1E37650055F29E /* Debug */,
				5FE6AAA21E1E37650055F29E /* Release */,
			);
			defaultConfigurationIsVisible = 0;
			defaultConfigurationName = Release;
		};
		5FE6AAA31E1E37650055F29E /* Build configuration list for PBXNativeTarget "mycalculator" */ = {
			isa = XCConfigurationList;
			buildConfigurations = (
				5FE6AAA41E1E37650055F29E /* Debug */,
				5FE6AAA51E1E37650055F29E /* Release */,
			);
			defaultConfigurationIsVisible = 0;
			defaultConfigurationName = Release;
		};
/* End XCConfigurationList section */
	};
	rootObject = 5FE6AA891E1E37650055F29E /* Project object */;
}
